// !$*UTF8*$!
{
	archiveVersion = 1;
	classes = {
	};
	objectVersion = 56;
	objects = {

/* Begin PBXBuildFile section */
		D702E0D72C0CC6F5006D9667 /* SceneStateModel.swift in Sources */ = {isa = PBXBuildFile; fileRef = D702E0D62C0CC6F5006D9667 /* SceneStateModel.swift */; };
		D702E0DB2C0CE99C006D9667 /* LogButtons.swift in Sources */ = {isa = PBXBuildFile; fileRef = D702E0DA2C0CE99C006D9667 /* LogButtons.swift */; };
		D702E0DD2C0CEA27006D9667 /* PlainTextDocument.swift in Sources */ = {isa = PBXBuildFile; fileRef = D702E0DC2C0CEA27006D9667 /* PlainTextDocument.swift */; };
		D702E0DF2C0CEF42006D9667 /* LogItem.swift in Sources */ = {isa = PBXBuildFile; fileRef = D702E0DE2C0CEF42006D9667 /* LogItem.swift */; };
		D7146DB92C04B3C3007E77B8 /* script in Resources */ = {isa = PBXBuildFile; fileRef = D7146DB62C04B3C0007E77B8 /* script */; };
		D7146DBA2C04B3C3007E77B8 /* lib in Resources */ = {isa = PBXBuildFile; fileRef = D7146DB72C04B3C2007E77B8 /* lib */; };
		D7146DBB2C04B3C3007E77B8 /* chordpro in Resources */ = {isa = PBXBuildFile; fileRef = D7146DB82C04B3C2007E77B8 /* chordpro */; };
		D7146DBE2C04B68F007E77B8 /* libperl.dylib in Resources */ = {isa = PBXBuildFile; fileRef = D7146DBC2C04B668007E77B8 /* libperl.dylib */; };
		D728FF292C1B26F60028D7A9 /* AppDelegateModel.swift in Sources */ = {isa = PBXBuildFile; fileRef = D728FF282C1B26F60028D7A9 /* AppDelegateModel.swift */; };
		D728FF2B2C1B70B40028D7A9 /* ChordProInfo.swift in Sources */ = {isa = PBXBuildFile; fileRef = D728FF2A2C1B70B40028D7A9 /* ChordProInfo.swift */; };
		D72EA32F2C0B2E9400B1BA93 /* UserFileItem.swift in Sources */ = {isa = PBXBuildFile; fileRef = D72EA32E2C0B2E9400B1BA93 /* UserFileItem.swift */; };
		D72EA3382C0B8E2C00B1BA93 /* HelpButtons.swift in Sources */ = {isa = PBXBuildFile; fileRef = D72EA3372C0B8E2C00B1BA93 /* HelpButtons.swift */; };
		D72EA33C2C0BB24600B1BA93 /* LogView.swift in Sources */ = {isa = PBXBuildFile; fileRef = D72EA33B2C0BB24600B1BA93 /* LogView.swift */; };
		D72EA33E2C0C5C3F00B1BA93 /* LocalizedAlertError.swift in Sources */ = {isa = PBXBuildFile; fileRef = D72EA33D2C0C5C3F00B1BA93 /* LocalizedAlertError.swift */; };
		D72EA3402C0C5E5800B1BA93 /* View+extension.swift in Sources */ = {isa = PBXBuildFile; fileRef = D72EA33F2C0C5E5800B1BA93 /* View+extension.swift */; };
		D73E45CA2CCD290E00AD5A33 /* ChordProEditor+LogItem.swift in Sources */ = {isa = PBXBuildFile; fileRef = D73E45C92CCD290E00AD5A33 /* ChordProEditor+LogItem.swift */; };
		D74002CB2C04711000291BE7 /* SettingsView.swift in Sources */ = {isa = PBXBuildFile; fileRef = D74002CA2C04711000291BE7 /* SettingsView.swift */; };
		D74002CD2C04725D00291BE7 /* AppSettings.swift in Sources */ = {isa = PBXBuildFile; fileRef = D74002CC2C04725D00291BE7 /* AppSettings.swift */; };
		D74002CF2C04728600291BE7 /* AppStateModel.swift in Sources */ = {isa = PBXBuildFile; fileRef = D74002CE2C04728600291BE7 /* AppStateModel.swift */; };
		D74BC6FD2C9DBE8C007FF3D9 /* WelcomeView.swift in Sources */ = {isa = PBXBuildFile; fileRef = D74BC6FC2C9DBE8C007FF3D9 /* WelcomeView.swift */; };
		D74BC6FF2C9DCB4C007FF3D9 /* NSWindow+extension.swift in Sources */ = {isa = PBXBuildFile; fileRef = D74BC6FE2C9DCB4C007FF3D9 /* NSWindow+extension.swift */; };
		D75005672C38379C005D23E2 /* EditorPaneView.swift in Sources */ = {isa = PBXBuildFile; fileRef = D75005662C38379C005D23E2 /* EditorPaneView.swift */; };
		D75005692C383C77005D23E2 /* PreviewPaneView.swift in Sources */ = {isa = PBXBuildFile; fileRef = D75005682C383C77005D23E2 /* PreviewPaneView.swift */; };
		D75E5FFF2C04FEF00083F96F /* Template.swift in Sources */ = {isa = PBXBuildFile; fileRef = D75E5FFE2C04FEF00083F96F /* Template.swift */; };
		D75F410E2C0EFDA200F0413B /* TaskMenuButtons.swift in Sources */ = {isa = PBXBuildFile; fileRef = D75F410D2C0EFDA200F0413B /* TaskMenuButtons.swift */; };
		D75F41102C0F240800F0413B /* CustomTask.swift in Sources */ = {isa = PBXBuildFile; fileRef = D75F410F2C0F240800F0413B /* CustomTask.swift */; };
		D75F41322C0F31DB00F0413B /* SystemTasks in Resources */ = {isa = PBXBuildFile; fileRef = D75F41312C0F31DB00F0413B /* SystemTasks */; };
		D767276F2C996638001D1947 /* DebugButtons.swift in Sources */ = {isa = PBXBuildFile; fileRef = D767276E2C996638001D1947 /* DebugButtons.swift */; };
		D76C40E72C9D9AF000A98C3F /* SongbookStateModel.swift in Sources */ = {isa = PBXBuildFile; fileRef = D76C40E62C9D9AF000A98C3F /* SongbookStateModel.swift */; };
		D7723A4D2C0326120031CD0C /* ChordProMacApp.swift in Sources */ = {isa = PBXBuildFile; fileRef = D7723A4C2C0326120031CD0C /* ChordProMacApp.swift */; };
		D7723A4F2C0326120031CD0C /* ChordProDocument.swift in Sources */ = {isa = PBXBuildFile; fileRef = D7723A4E2C0326120031CD0C /* ChordProDocument.swift */; };
		D7723A512C0326120031CD0C /* MainView.swift in Sources */ = {isa = PBXBuildFile; fileRef = D7723A502C0326120031CD0C /* MainView.swift */; };
		D7723A532C0326130031CD0C /* Assets.xcassets in Resources */ = {isa = PBXBuildFile; fileRef = D7723A522C0326130031CD0C /* Assets.xcassets */; };
		D7723A612C032A190031CD0C /* Terminal.swift in Sources */ = {isa = PBXBuildFile; fileRef = D7723A602C032A190031CD0C /* Terminal.swift */; };
		D7723A672C0336C70031CD0C /* AppError.swift in Sources */ = {isa = PBXBuildFile; fileRef = D7723A662C0336C70031CD0C /* AppError.swift */; };
		D7723A692C03442F0031CD0C /* ExportSongButton.swift in Sources */ = {isa = PBXBuildFile; fileRef = D7723A682C03442F0031CD0C /* ExportSongButton.swift */; };
		D7723A6F2C0354250031CD0C /* PanesButtons.swift in Sources */ = {isa = PBXBuildFile; fileRef = D7723A6E2C0354250031CD0C /* PanesButtons.swift */; };
		D774F2812C05E07E00CC4E3E /* Note.swift in Sources */ = {isa = PBXBuildFile; fileRef = D774F2802C05E07E00CC4E3E /* Note.swift */; };
		D774F2832C05E18B00CC4E3E /* Accidentals.swift in Sources */ = {isa = PBXBuildFile; fileRef = D774F2822C05E18B00CC4E3E /* Accidentals.swift */; };
		D774F2852C05F2B900CC4E3E /* StatusView.swift in Sources */ = {isa = PBXBuildFile; fileRef = D774F2842C05F2B900CC4E3E /* StatusView.swift */; };
		D774F2872C05F6CB00CC4E3E /* Notation.swift in Sources */ = {isa = PBXBuildFile; fileRef = D774F2862C05F6CB00CC4E3E /* Notation.swift */; };
		D776B5CE2C8A1EC100E10FE8 /* ExportSongbookView.swift in Sources */ = {isa = PBXBuildFile; fileRef = D776B5CD2C8A1EC100E10FE8 /* ExportSongbookView.swift */; };
		D77E2BB52CCFE73B0071F57E /* UpdatePreviewButton.swift in Sources */ = {isa = PBXBuildFile; fileRef = D77E2BB42CCFE73B0071F57E /* UpdatePreviewButton.swift */; };
		D795739D2C95CCC600EE315D /* FileListItem.swift in Sources */ = {isa = PBXBuildFile; fileRef = D795739C2C95CCC600EE315D /* FileListItem.swift */; };
		D796F0EC2C1A6AB600B3DE40 /* AboutView.swift in Sources */ = {isa = PBXBuildFile; fileRef = D796F0EB2C1A6AB600B3DE40 /* AboutView.swift */; };
		D79B2B5C2CE26BE900F3FC0C /* cli in Resources */ = {isa = PBXBuildFile; fileRef = D79B2B5B2CE26BE900F3FC0C /* cli */; };
		D7A4E2AA2CAB8533000748C2 /* CloseWindowButton.swift in Sources */ = {isa = PBXBuildFile; fileRef = D7A4E2A92CAB8533000748C2 /* CloseWindowButton.swift */; };
		D7AC53422C20C1A0002B075F /* FontSizeButtons.swift in Sources */ = {isa = PBXBuildFile; fileRef = D7AC53412C20C1A0002B075F /* FontSizeButtons.swift */; };
		D7D244B22C3C3C240058FB8E /* AppKitUtils.swift in Sources */ = {isa = PBXBuildFile; fileRef = D7D244AB2C3C3C240058FB8E /* AppKitUtils.swift */; };
		D7D244B32C3C3C240058FB8E /* AppKitUtils+openPanel.swift in Sources */ = {isa = PBXBuildFile; fileRef = D7D244AC2C3C3C240058FB8E /* AppKitUtils+openPanel.swift */; };
		D7D244B42C3C3C240058FB8E /* AppKitUtils+PDFKitRepresentedView.swift in Sources */ = {isa = PBXBuildFile; fileRef = D7D244AD2C3C3C240058FB8E /* AppKitUtils+PDFKitRepresentedView.swift */; };
		D7D244B52C3C3C240058FB8E /* AppKitUtils+printDialog.swift in Sources */ = {isa = PBXBuildFile; fileRef = D7D244AE2C3C3C240058FB8E /* AppKitUtils+printDialog.swift */; };
		D7D244B72C3C3C240058FB8E /* AppKitUtils+SharingServiceRepresentedView.swift in Sources */ = {isa = PBXBuildFile; fileRef = D7D244B02C3C3C240058FB8E /* AppKitUtils+SharingServiceRepresentedView.swift */; };
		D7D244C42C3C3C320058FB8E /* ChordProEditor.swift in Sources */ = {isa = PBXBuildFile; fileRef = D7D244B82C3C3C310058FB8E /* ChordProEditor.swift */; };
		D7D244C52C3C3C320058FB8E /* ChordProEditor+Coordinator.swift in Sources */ = {isa = PBXBuildFile; fileRef = D7D244B92C3C3C310058FB8E /* ChordProEditor+Coordinator.swift */; };
		D7D244C62C3C3C320058FB8E /* ChordProEditor+highlight.swift in Sources */ = {isa = PBXBuildFile; fileRef = D7D244BA2C3C3C310058FB8E /* ChordProEditor+highlight.swift */; };
		D7D244C72C3C3C320058FB8E /* ChordProEditor+Internals.swift in Sources */ = {isa = PBXBuildFile; fileRef = D7D244BB2C3C3C310058FB8E /* ChordProEditor+Internals.swift */; };
		D7D244C82C3C3C320058FB8E /* ChordProEditor+LayoutManager.swift in Sources */ = {isa = PBXBuildFile; fileRef = D7D244BC2C3C3C310058FB8E /* ChordProEditor+LayoutManager.swift */; };
		D7D244C92C3C3C320058FB8E /* ChordProEditor+LineNumbersView.swift in Sources */ = {isa = PBXBuildFile; fileRef = D7D244BD2C3C3C310058FB8E /* ChordProEditor+LineNumbersView.swift */; };
		D7D244CA2C3C3C320058FB8E /* ChordProEditor+Settings.swift in Sources */ = {isa = PBXBuildFile; fileRef = D7D244BE2C3C3C310058FB8E /* ChordProEditor+Settings.swift */; };
		D7D244CB2C3C3C320058FB8E /* ChordProEditor+Static.swift in Sources */ = {isa = PBXBuildFile; fileRef = D7D244BF2C3C3C310058FB8E /* ChordProEditor+Static.swift */; };
		D7D244CC2C3C3C320058FB8E /* ChordProEditor+TextView.swift in Sources */ = {isa = PBXBuildFile; fileRef = D7D244C02C3C3C310058FB8E /* ChordProEditor+TextView.swift */; };
		D7D244CD2C3C3C320058FB8E /* ChordProEditor+Wrapper.swift in Sources */ = {isa = PBXBuildFile; fileRef = D7D244C12C3C3C310058FB8E /* ChordProEditor+Wrapper.swift */; };
		D7D244CE2C3C3C320058FB8E /* ChordProEditorDelegate.swift in Sources */ = {isa = PBXBuildFile; fileRef = D7D244C22C3C3C310058FB8E /* ChordProEditorDelegate.swift */; };
		D7D244D32C3C3C460058FB8E /* Color+extension.swift in Sources */ = {isa = PBXBuildFile; fileRef = D7D244CF2C3C3C460058FB8E /* Color+extension.swift */; };
		D7D244D42C3C3C460058FB8E /* Logger+extension.swift in Sources */ = {isa = PBXBuildFile; fileRef = D7D244D02C3C3C460058FB8E /* Logger+extension.swift */; };
		D7D244D52C3C3C460058FB8E /* UTType+extension.swift in Sources */ = {isa = PBXBuildFile; fileRef = D7D244D12C3C3C460058FB8E /* UTType+extension.swift */; };
		D7D244D92C3C3C5A0058FB8E /* Cache.swift in Sources */ = {isa = PBXBuildFile; fileRef = D7D244D62C3C3C590058FB8E /* Cache.swift */; };
		D7D244DA2C3C3C5A0058FB8E /* UserFileBookmark.swift in Sources */ = {isa = PBXBuildFile; fileRef = D7D244D72C3C3C590058FB8E /* UserFileBookmark.swift */; };
		D7D244DE2C3C3C620058FB8E /* ChordProDirective.swift in Sources */ = {isa = PBXBuildFile; fileRef = D7D244DB2C3C3C620058FB8E /* ChordProDirective.swift */; };
		D7D244DF2C3C3C620058FB8E /* UserFile.swift in Sources */ = {isa = PBXBuildFile; fileRef = D7D244DC2C3C3C620058FB8E /* UserFile.swift */; };
		D7D244E12C3C3C6C0058FB8E /* PreviewState.swift in Sources */ = {isa = PBXBuildFile; fileRef = D7D244E02C3C3C6C0058FB8E /* PreviewState.swift */; };
		D7D244E42C3C3C780058FB8E /* ColorPickerButton.swift in Sources */ = {isa = PBXBuildFile; fileRef = D7D244E22C3C3C780058FB8E /* ColorPickerButton.swift */; };
		D7D244E52C3C3C780058FB8E /* UserFileButton.swift in Sources */ = {isa = PBXBuildFile; fileRef = D7D244E32C3C3C780058FB8E /* UserFileButton.swift */; };
		D7F627492C33153100117FBF /* ShareButton.swift in Sources */ = {isa = PBXBuildFile; fileRef = D7F627482C33153100117FBF /* ShareButton.swift */; };
		D7F659B72C2F25D500B65437 /* PrintPDFButton.swift in Sources */ = {isa = PBXBuildFile; fileRef = D7F659B62C2F25D500B65437 /* PrintPDFButton.swift */; };
		D7F659B92C304D2A00B65437 /* ExportDocument.swift in Sources */ = {isa = PBXBuildFile; fileRef = D7F659B82C304D2A00B65437 /* ExportDocument.swift */; };
		D7FBDB8F2C2C96AE00D242ED /* Directive.swift in Sources */ = {isa = PBXBuildFile; fileRef = D7FBDB8E2C2C96AE00D242ED /* Directive.swift */; };
/* End PBXBuildFile section */

/* Begin PBXFileReference section */
		D702E0D62C0CC6F5006D9667 /* SceneStateModel.swift */ = {isa = PBXFileReference; fileEncoding = 4; lastKnownFileType = sourcecode.swift; path = SceneStateModel.swift; sourceTree = "<group>"; };
		D702E0DA2C0CE99C006D9667 /* LogButtons.swift */ = {isa = PBXFileReference; lastKnownFileType = sourcecode.swift; path = LogButtons.swift; sourceTree = "<group>"; };
		D702E0DC2C0CEA27006D9667 /* PlainTextDocument.swift */ = {isa = PBXFileReference; lastKnownFileType = sourcecode.swift; path = PlainTextDocument.swift; sourceTree = "<group>"; };
		D702E0DE2C0CEF42006D9667 /* LogItem.swift */ = {isa = PBXFileReference; lastKnownFileType = sourcecode.swift; path = LogItem.swift; sourceTree = "<group>"; };
		D7146DB62C04B3C0007E77B8 /* script */ = {isa = PBXFileReference; lastKnownFileType = folder; path = script; sourceTree = "<group>"; };
		D7146DB72C04B3C2007E77B8 /* lib */ = {isa = PBXFileReference; lastKnownFileType = folder; path = lib; sourceTree = "<group>"; };
		D7146DB82C04B3C2007E77B8 /* chordpro */ = {isa = PBXFileReference; lastKnownFileType = "compiled.mach-o.executable"; path = chordpro; sourceTree = "<group>"; };
		D7146DBC2C04B668007E77B8 /* libperl.dylib */ = {isa = PBXFileReference; lastKnownFileType = "compiled.mach-o.dylib"; path = libperl.dylib; sourceTree = "<group>"; };
		D728FF282C1B26F60028D7A9 /* AppDelegateModel.swift */ = {isa = PBXFileReference; lastKnownFileType = sourcecode.swift; path = AppDelegateModel.swift; sourceTree = "<group>"; };
		D728FF2A2C1B70B40028D7A9 /* ChordProInfo.swift */ = {isa = PBXFileReference; lastKnownFileType = sourcecode.swift; path = ChordProInfo.swift; sourceTree = "<group>"; };
		D72EA32E2C0B2E9400B1BA93 /* UserFileItem.swift */ = {isa = PBXFileReference; lastKnownFileType = sourcecode.swift; path = UserFileItem.swift; sourceTree = "<group>"; };
		D72EA3372C0B8E2C00B1BA93 /* HelpButtons.swift */ = {isa = PBXFileReference; lastKnownFileType = sourcecode.swift; path = HelpButtons.swift; sourceTree = "<group>"; };
		D72EA33B2C0BB24600B1BA93 /* LogView.swift */ = {isa = PBXFileReference; lastKnownFileType = sourcecode.swift; path = LogView.swift; sourceTree = "<group>"; };
		D72EA33D2C0C5C3F00B1BA93 /* LocalizedAlertError.swift */ = {isa = PBXFileReference; lastKnownFileType = sourcecode.swift; path = LocalizedAlertError.swift; sourceTree = "<group>"; };
		D72EA33F2C0C5E5800B1BA93 /* View+extension.swift */ = {isa = PBXFileReference; lastKnownFileType = sourcecode.swift; path = "View+extension.swift"; sourceTree = "<group>"; };
		D73E45C92CCD290E00AD5A33 /* ChordProEditor+LogItem.swift */ = {isa = PBXFileReference; lastKnownFileType = sourcecode.swift; path = "ChordProEditor+LogItem.swift"; sourceTree = "<group>"; };
		D74002CA2C04711000291BE7 /* SettingsView.swift */ = {isa = PBXFileReference; lastKnownFileType = sourcecode.swift; path = SettingsView.swift; sourceTree = "<group>"; };
		D74002CC2C04725D00291BE7 /* AppSettings.swift */ = {isa = PBXFileReference; lastKnownFileType = sourcecode.swift; path = AppSettings.swift; sourceTree = "<group>"; };
		D74002CE2C04728600291BE7 /* AppStateModel.swift */ = {isa = PBXFileReference; lastKnownFileType = sourcecode.swift; path = AppStateModel.swift; sourceTree = "<group>"; };
		D74BC6FC2C9DBE8C007FF3D9 /* WelcomeView.swift */ = {isa = PBXFileReference; lastKnownFileType = sourcecode.swift; path = WelcomeView.swift; sourceTree = "<group>"; };
		D74BC6FE2C9DCB4C007FF3D9 /* NSWindow+extension.swift */ = {isa = PBXFileReference; fileEncoding = 4; lastKnownFileType = sourcecode.swift; path = "NSWindow+extension.swift"; sourceTree = "<group>"; };
		D75005662C38379C005D23E2 /* EditorPaneView.swift */ = {isa = PBXFileReference; lastKnownFileType = sourcecode.swift; path = EditorPaneView.swift; sourceTree = "<group>"; };
		D75005682C383C77005D23E2 /* PreviewPaneView.swift */ = {isa = PBXFileReference; lastKnownFileType = sourcecode.swift; path = PreviewPaneView.swift; sourceTree = "<group>"; };
		D75E5FFE2C04FEF00083F96F /* Template.swift */ = {isa = PBXFileReference; lastKnownFileType = sourcecode.swift; path = Template.swift; sourceTree = "<group>"; };
		D75F410D2C0EFDA200F0413B /* TaskMenuButtons.swift */ = {isa = PBXFileReference; lastKnownFileType = sourcecode.swift; path = TaskMenuButtons.swift; sourceTree = "<group>"; };
		D75F410F2C0F240800F0413B /* CustomTask.swift */ = {isa = PBXFileReference; lastKnownFileType = sourcecode.swift; path = CustomTask.swift; sourceTree = "<group>"; };
		D75F41312C0F31DB00F0413B /* SystemTasks */ = {isa = PBXFileReference; lastKnownFileType = folder; path = SystemTasks; sourceTree = "<group>"; };
		D767276E2C996638001D1947 /* DebugButtons.swift */ = {isa = PBXFileReference; lastKnownFileType = sourcecode.swift; path = DebugButtons.swift; sourceTree = "<group>"; };
		D76C40E62C9D9AF000A98C3F /* SongbookStateModel.swift */ = {isa = PBXFileReference; lastKnownFileType = sourcecode.swift; path = SongbookStateModel.swift; sourceTree = "<group>"; };
		D7723A492C0326120031CD0C /* ChordPro.app */ = {isa = PBXFileReference; explicitFileType = wrapper.application; includeInIndex = 0; path = ChordPro.app; sourceTree = BUILT_PRODUCTS_DIR; };
		D7723A4C2C0326120031CD0C /* ChordProMacApp.swift */ = {isa = PBXFileReference; lastKnownFileType = sourcecode.swift; path = ChordProMacApp.swift; sourceTree = "<group>"; };
		D7723A4E2C0326120031CD0C /* ChordProDocument.swift */ = {isa = PBXFileReference; lastKnownFileType = sourcecode.swift; path = ChordProDocument.swift; sourceTree = "<group>"; };
		D7723A502C0326120031CD0C /* MainView.swift */ = {isa = PBXFileReference; lastKnownFileType = sourcecode.swift; path = MainView.swift; sourceTree = "<group>"; };
		D7723A522C0326130031CD0C /* Assets.xcassets */ = {isa = PBXFileReference; lastKnownFileType = folder.assetcatalog; path = Assets.xcassets; sourceTree = "<group>"; };
		D7723A572C0326130031CD0C /* Info.plist */ = {isa = PBXFileReference; lastKnownFileType = text.plist.xml; path = Info.plist; sourceTree = "<group>"; };
		D7723A582C0326130031CD0C /* ChordProMac.entitlements */ = {isa = PBXFileReference; lastKnownFileType = text.plist.entitlements; path = ChordProMac.entitlements; sourceTree = "<group>"; };
		D7723A602C032A190031CD0C /* Terminal.swift */ = {isa = PBXFileReference; lastKnownFileType = sourcecode.swift; path = Terminal.swift; sourceTree = "<group>"; };
		D7723A662C0336C70031CD0C /* AppError.swift */ = {isa = PBXFileReference; lastKnownFileType = sourcecode.swift; path = AppError.swift; sourceTree = "<group>"; };
		D7723A682C03442F0031CD0C /* ExportSongButton.swift */ = {isa = PBXFileReference; lastKnownFileType = sourcecode.swift; path = ExportSongButton.swift; sourceTree = "<group>"; };
		D7723A6E2C0354250031CD0C /* PanesButtons.swift */ = {isa = PBXFileReference; lastKnownFileType = sourcecode.swift; path = PanesButtons.swift; sourceTree = "<group>"; };
		D774F2802C05E07E00CC4E3E /* Note.swift */ = {isa = PBXFileReference; lastKnownFileType = sourcecode.swift; path = Note.swift; sourceTree = "<group>"; };
		D774F2822C05E18B00CC4E3E /* Accidentals.swift */ = {isa = PBXFileReference; lastKnownFileType = sourcecode.swift; path = Accidentals.swift; sourceTree = "<group>"; };
		D774F2842C05F2B900CC4E3E /* StatusView.swift */ = {isa = PBXFileReference; lastKnownFileType = sourcecode.swift; path = StatusView.swift; sourceTree = "<group>"; };
		D774F2862C05F6CB00CC4E3E /* Notation.swift */ = {isa = PBXFileReference; lastKnownFileType = sourcecode.swift; path = Notation.swift; sourceTree = "<group>"; };
		D776B5CD2C8A1EC100E10FE8 /* ExportSongbookView.swift */ = {isa = PBXFileReference; lastKnownFileType = sourcecode.swift; path = ExportSongbookView.swift; sourceTree = "<group>"; };
		D77E2BB42CCFE73B0071F57E /* UpdatePreviewButton.swift */ = {isa = PBXFileReference; lastKnownFileType = sourcecode.swift; path = UpdatePreviewButton.swift; sourceTree = "<group>"; };
		D795739C2C95CCC600EE315D /* FileListItem.swift */ = {isa = PBXFileReference; lastKnownFileType = sourcecode.swift; path = FileListItem.swift; sourceTree = "<group>"; };
		D796F0EB2C1A6AB600B3DE40 /* AboutView.swift */ = {isa = PBXFileReference; lastKnownFileType = sourcecode.swift; path = AboutView.swift; sourceTree = "<group>"; };
		D79B2B5B2CE26BE900F3FC0C /* cli */ = {isa = PBXFileReference; lastKnownFileType = folder; path = cli; sourceTree = "<group>"; };
		D7A4E2A92CAB8533000748C2 /* CloseWindowButton.swift */ = {isa = PBXFileReference; lastKnownFileType = sourcecode.swift; path = CloseWindowButton.swift; sourceTree = "<group>"; };
		D7AC53412C20C1A0002B075F /* FontSizeButtons.swift */ = {isa = PBXFileReference; lastKnownFileType = sourcecode.swift; path = FontSizeButtons.swift; sourceTree = "<group>"; };
		D7D244AB2C3C3C240058FB8E /* AppKitUtils.swift */ = {isa = PBXFileReference; fileEncoding = 4; lastKnownFileType = sourcecode.swift; path = AppKitUtils.swift; sourceTree = "<group>"; };
		D7D244AC2C3C3C240058FB8E /* AppKitUtils+openPanel.swift */ = {isa = PBXFileReference; fileEncoding = 4; lastKnownFileType = sourcecode.swift; path = "AppKitUtils+openPanel.swift"; sourceTree = "<group>"; };
		D7D244AD2C3C3C240058FB8E /* AppKitUtils+PDFKitRepresentedView.swift */ = {isa = PBXFileReference; fileEncoding = 4; lastKnownFileType = sourcecode.swift; path = "AppKitUtils+PDFKitRepresentedView.swift"; sourceTree = "<group>"; };
		D7D244AE2C3C3C240058FB8E /* AppKitUtils+printDialog.swift */ = {isa = PBXFileReference; fileEncoding = 4; lastKnownFileType = sourcecode.swift; path = "AppKitUtils+printDialog.swift"; sourceTree = "<group>"; };
		D7D244B02C3C3C240058FB8E /* AppKitUtils+SharingServiceRepresentedView.swift */ = {isa = PBXFileReference; fileEncoding = 4; lastKnownFileType = sourcecode.swift; path = "AppKitUtils+SharingServiceRepresentedView.swift"; sourceTree = "<group>"; };
		D7D244B82C3C3C310058FB8E /* ChordProEditor.swift */ = {isa = PBXFileReference; fileEncoding = 4; lastKnownFileType = sourcecode.swift; path = ChordProEditor.swift; sourceTree = "<group>"; };
		D7D244B92C3C3C310058FB8E /* ChordProEditor+Coordinator.swift */ = {isa = PBXFileReference; fileEncoding = 4; lastKnownFileType = sourcecode.swift; path = "ChordProEditor+Coordinator.swift"; sourceTree = "<group>"; };
		D7D244BA2C3C3C310058FB8E /* ChordProEditor+highlight.swift */ = {isa = PBXFileReference; fileEncoding = 4; lastKnownFileType = sourcecode.swift; path = "ChordProEditor+highlight.swift"; sourceTree = "<group>"; };
		D7D244BB2C3C3C310058FB8E /* ChordProEditor+Internals.swift */ = {isa = PBXFileReference; fileEncoding = 4; lastKnownFileType = sourcecode.swift; path = "ChordProEditor+Internals.swift"; sourceTree = "<group>"; };
		D7D244BC2C3C3C310058FB8E /* ChordProEditor+LayoutManager.swift */ = {isa = PBXFileReference; fileEncoding = 4; lastKnownFileType = sourcecode.swift; path = "ChordProEditor+LayoutManager.swift"; sourceTree = "<group>"; };
		D7D244BD2C3C3C310058FB8E /* ChordProEditor+LineNumbersView.swift */ = {isa = PBXFileReference; fileEncoding = 4; lastKnownFileType = sourcecode.swift; path = "ChordProEditor+LineNumbersView.swift"; sourceTree = "<group>"; };
		D7D244BE2C3C3C310058FB8E /* ChordProEditor+Settings.swift */ = {isa = PBXFileReference; fileEncoding = 4; lastKnownFileType = sourcecode.swift; path = "ChordProEditor+Settings.swift"; sourceTree = "<group>"; };
		D7D244BF2C3C3C310058FB8E /* ChordProEditor+Static.swift */ = {isa = PBXFileReference; fileEncoding = 4; lastKnownFileType = sourcecode.swift; path = "ChordProEditor+Static.swift"; sourceTree = "<group>"; };
		D7D244C02C3C3C310058FB8E /* ChordProEditor+TextView.swift */ = {isa = PBXFileReference; fileEncoding = 4; lastKnownFileType = sourcecode.swift; path = "ChordProEditor+TextView.swift"; sourceTree = "<group>"; };
		D7D244C12C3C3C310058FB8E /* ChordProEditor+Wrapper.swift */ = {isa = PBXFileReference; fileEncoding = 4; lastKnownFileType = sourcecode.swift; path = "ChordProEditor+Wrapper.swift"; sourceTree = "<group>"; };
		D7D244C22C3C3C310058FB8E /* ChordProEditorDelegate.swift */ = {isa = PBXFileReference; fileEncoding = 4; lastKnownFileType = sourcecode.swift; path = ChordProEditorDelegate.swift; sourceTree = "<group>"; };
		D7D244CF2C3C3C460058FB8E /* Color+extension.swift */ = {isa = PBXFileReference; fileEncoding = 4; lastKnownFileType = sourcecode.swift; path = "Color+extension.swift"; sourceTree = "<group>"; };
		D7D244D02C3C3C460058FB8E /* Logger+extension.swift */ = {isa = PBXFileReference; fileEncoding = 4; lastKnownFileType = sourcecode.swift; path = "Logger+extension.swift"; sourceTree = "<group>"; };
		D7D244D12C3C3C460058FB8E /* UTType+extension.swift */ = {isa = PBXFileReference; fileEncoding = 4; lastKnownFileType = sourcecode.swift; path = "UTType+extension.swift"; sourceTree = "<group>"; };
		D7D244D62C3C3C590058FB8E /* Cache.swift */ = {isa = PBXFileReference; fileEncoding = 4; lastKnownFileType = sourcecode.swift; path = Cache.swift; sourceTree = "<group>"; };
		D7D244D72C3C3C590058FB8E /* UserFileBookmark.swift */ = {isa = PBXFileReference; fileEncoding = 4; lastKnownFileType = sourcecode.swift; path = UserFileBookmark.swift; sourceTree = "<group>"; };
		D7D244DB2C3C3C620058FB8E /* ChordProDirective.swift */ = {isa = PBXFileReference; fileEncoding = 4; lastKnownFileType = sourcecode.swift; path = ChordProDirective.swift; sourceTree = "<group>"; };
		D7D244DC2C3C3C620058FB8E /* UserFile.swift */ = {isa = PBXFileReference; fileEncoding = 4; lastKnownFileType = sourcecode.swift; path = UserFile.swift; sourceTree = "<group>"; };
		D7D244E02C3C3C6C0058FB8E /* PreviewState.swift */ = {isa = PBXFileReference; fileEncoding = 4; lastKnownFileType = sourcecode.swift; path = PreviewState.swift; sourceTree = "<group>"; };
		D7D244E22C3C3C780058FB8E /* ColorPickerButton.swift */ = {isa = PBXFileReference; fileEncoding = 4; lastKnownFileType = sourcecode.swift; path = ColorPickerButton.swift; sourceTree = "<group>"; };
		D7D244E32C3C3C780058FB8E /* UserFileButton.swift */ = {isa = PBXFileReference; fileEncoding = 4; lastKnownFileType = sourcecode.swift; path = UserFileButton.swift; sourceTree = "<group>"; };
		D7F627482C33153100117FBF /* ShareButton.swift */ = {isa = PBXFileReference; lastKnownFileType = sourcecode.swift; path = ShareButton.swift; sourceTree = "<group>"; };
		D7F659B62C2F25D500B65437 /* PrintPDFButton.swift */ = {isa = PBXFileReference; fileEncoding = 4; lastKnownFileType = sourcecode.swift; path = PrintPDFButton.swift; sourceTree = "<group>"; };
		D7F659B82C304D2A00B65437 /* ExportDocument.swift */ = {isa = PBXFileReference; fileEncoding = 4; lastKnownFileType = sourcecode.swift; path = ExportDocument.swift; sourceTree = "<group>"; };
		D7FBDB8E2C2C96AE00D242ED /* Directive.swift */ = {isa = PBXFileReference; fileEncoding = 4; lastKnownFileType = sourcecode.swift; path = Directive.swift; sourceTree = "<group>"; };
/* End PBXFileReference section */

/* Begin PBXFrameworksBuildPhase section */
		D7723A462C0326120031CD0C /* Frameworks */ = {
			isa = PBXFrameworksBuildPhase;
			buildActionMask = 2147483647;
			files = (
			);
			runOnlyForDeploymentPostprocessing = 0;
		};
/* End PBXFrameworksBuildPhase section */

/* Begin PBXGroup section */
		D7146DB52C04B39B007E77B8 /* Core */ = {
			isa = PBXGroup;
			children = (
				D7146DB82C04B3C2007E77B8 /* chordpro */,
				D79B2B5B2CE26BE900F3FC0C /* cli */,
				D7146DBC2C04B668007E77B8 /* libperl.dylib */,
				D7146DB72C04B3C2007E77B8 /* lib */,
				D7146DB62C04B3C0007E77B8 /* script */,
			);
			path = Core;
			sourceTree = "<group>";
		};
		D71B11352C9D92A6007D57D3 /* Models */ = {
			isa = PBXGroup;
			children = (
				D74002CE2C04728600291BE7 /* AppStateModel.swift */,
				D728FF282C1B26F60028D7A9 /* AppDelegateModel.swift */,
				D702E0D62C0CC6F5006D9667 /* SceneStateModel.swift */,
				D76C40E62C9D9AF000A98C3F /* SongbookStateModel.swift */,
			);
			path = Models;
			sourceTree = "<group>";
		};
		D71B11362C9D9655007D57D3 /* Buttons */ = {
			isa = PBXGroup;
			children = (
				D7F659B62C2F25D500B65437 /* PrintPDFButton.swift */,
				D7AC53412C20C1A0002B075F /* FontSizeButtons.swift */,
				D72EA3372C0B8E2C00B1BA93 /* HelpButtons.swift */,
				D7723A6E2C0354250031CD0C /* PanesButtons.swift */,
				D7723A682C03442F0031CD0C /* ExportSongButton.swift */,
				D7F627482C33153100117FBF /* ShareButton.swift */,
				D7D244E32C3C3C780058FB8E /* UserFileButton.swift */,
				D7D244E22C3C3C780058FB8E /* ColorPickerButton.swift */,
				D75F410D2C0EFDA200F0413B /* TaskMenuButtons.swift */,
				D702E0DA2C0CE99C006D9667 /* LogButtons.swift */,
				D767276E2C996638001D1947 /* DebugButtons.swift */,
				D77E2BB42CCFE73B0071F57E /* UpdatePreviewButton.swift */,
			);
			path = Buttons;
			sourceTree = "<group>";
		};
		D75E5FFD2C04FEDF0083F96F /* Structures */ = {
			isa = PBXGroup;
			children = (
				D74002CC2C04725D00291BE7 /* AppSettings.swift */,
				D7D244E02C3C3C6C0058FB8E /* PreviewState.swift */,
				D75E5FFE2C04FEF00083F96F /* Template.swift */,
				D774F2822C05E18B00CC4E3E /* Accidentals.swift */,
				D774F2802C05E07E00CC4E3E /* Note.swift */,
				D774F2862C05F6CB00CC4E3E /* Notation.swift */,
				D72EA32E2C0B2E9400B1BA93 /* UserFileItem.swift */,
				D75F410F2C0F240800F0413B /* CustomTask.swift */,
				D72EA33D2C0C5C3F00B1BA93 /* LocalizedAlertError.swift */,
				D702E0DE2C0CEF42006D9667 /* LogItem.swift */,
				D728FF2A2C1B70B40028D7A9 /* ChordProInfo.swift */,
				D7FBDB8E2C2C96AE00D242ED /* Directive.swift */,
				D795739C2C95CCC600EE315D /* FileListItem.swift */,
			);
			path = Structures;
			sourceTree = "<group>";
		};
		D7723A402C0326120031CD0C = {
			isa = PBXGroup;
			children = (
				D7723A4B2C0326120031CD0C /* ChordProMac */,
				D7723A4A2C0326120031CD0C /* Products */,
				D7FBDB8B2C2C956500D242ED /* Frameworks */,
			);
			sourceTree = "<group>";
		};
		D7723A4A2C0326120031CD0C /* Products */ = {
			isa = PBXGroup;
			children = (
				D7723A492C0326120031CD0C /* ChordPro.app */,
			);
			name = Products;
			sourceTree = "<group>";
		};
		D7723A4B2C0326120031CD0C /* ChordProMac */ = {
			isa = PBXGroup;
			children = (
				D7723A4C2C0326120031CD0C /* ChordProMacApp.swift */,
				D7D244D82C3C3C590058FB8E /* General */,
				D71B11352C9D92A6007D57D3 /* Models */,
				D75E5FFD2C04FEDF0083F96F /* Structures */,
				D7D244DD2C3C3C620058FB8E /* Protocols */,
				D7D244D22C3C3C460058FB8E /* Extensions */,
				D7723A5F2C03291D0031CD0C /* Documents */,
				D7D244C32C3C3C310058FB8E /* ChordProEditor */,
				D7D244B12C3C3C240058FB8E /* AppKitUtils */,
				D7723A5E2C0329150031CD0C /* Views */,
				D7146DB52C04B39B007E77B8 /* Core */,
				D75F41312C0F31DB00F0413B /* SystemTasks */,
			);
			path = ChordProMac;
			sourceTree = "<group>";
		};
		D7723A5E2C0329150031CD0C /* Views */ = {
			isa = PBXGroup;
			children = (
				D74BC6FC2C9DBE8C007FF3D9 /* WelcomeView.swift */,
				D796F0EB2C1A6AB600B3DE40 /* AboutView.swift */,
				D7723A502C0326120031CD0C /* MainView.swift */,
				D75005662C38379C005D23E2 /* EditorPaneView.swift */,
				D75005682C383C77005D23E2 /* PreviewPaneView.swift */,
				D774F2842C05F2B900CC4E3E /* StatusView.swift */,
				D72EA33B2C0BB24600B1BA93 /* LogView.swift */,
				D776B5CD2C8A1EC100E10FE8 /* ExportSongbookView.swift */,
				D74002CA2C04711000291BE7 /* SettingsView.swift */,
				D71B11362C9D9655007D57D3 /* Buttons */,
				D7DE16482CB791000020C2BF /* Modifiers */,
			);
			path = Views;
			sourceTree = "<group>";
		};
		D7723A5F2C03291D0031CD0C /* Documents */ = {
			isa = PBXGroup;
			children = (
				D7723A4E2C0326120031CD0C /* ChordProDocument.swift */,
				D7F659B82C304D2A00B65437 /* ExportDocument.swift */,
				D702E0DC2C0CEA27006D9667 /* PlainTextDocument.swift */,
			);
			path = Documents;
			sourceTree = "<group>";
		};
		D7D244B12C3C3C240058FB8E /* AppKitUtils */ = {
			isa = PBXGroup;
			children = (
				D7D244AB2C3C3C240058FB8E /* AppKitUtils.swift */,
				D7D244AC2C3C3C240058FB8E /* AppKitUtils+openPanel.swift */,
				D7D244AD2C3C3C240058FB8E /* AppKitUtils+PDFKitRepresentedView.swift */,
				D7D244AE2C3C3C240058FB8E /* AppKitUtils+printDialog.swift */,
				D7D244B02C3C3C240058FB8E /* AppKitUtils+SharingServiceRepresentedView.swift */,
			);
			path = AppKitUtils;
			sourceTree = "<group>";
		};
		D7D244C32C3C3C310058FB8E /* ChordProEditor */ = {
			isa = PBXGroup;
			children = (
				D7D244B82C3C3C310058FB8E /* ChordProEditor.swift */,
				D7D244B92C3C3C310058FB8E /* ChordProEditor+Coordinator.swift */,
				D7D244BA2C3C3C310058FB8E /* ChordProEditor+highlight.swift */,
				D7D244BB2C3C3C310058FB8E /* ChordProEditor+Internals.swift */,
				D7D244BC2C3C3C310058FB8E /* ChordProEditor+LayoutManager.swift */,
				D7D244BD2C3C3C310058FB8E /* ChordProEditor+LineNumbersView.swift */,
				D73E45C92CCD290E00AD5A33 /* ChordProEditor+LogItem.swift */,
				D7D244BE2C3C3C310058FB8E /* ChordProEditor+Settings.swift */,
				D7D244BF2C3C3C310058FB8E /* ChordProEditor+Static.swift */,
				D7D244C02C3C3C310058FB8E /* ChordProEditor+TextView.swift */,
				D7D244C12C3C3C310058FB8E /* ChordProEditor+Wrapper.swift */,
				D7D244C22C3C3C310058FB8E /* ChordProEditorDelegate.swift */,
			);
			path = ChordProEditor;
			sourceTree = "<group>";
		};
		D7D244D22C3C3C460058FB8E /* Extensions */ = {
			isa = PBXGroup;
			children = (
				D7D244CF2C3C3C460058FB8E /* Color+extension.swift */,
				D7D244D02C3C3C460058FB8E /* Logger+extension.swift */,
				D74BC6FE2C9DCB4C007FF3D9 /* NSWindow+extension.swift */,
				D7D244D12C3C3C460058FB8E /* UTType+extension.swift */,
				D72EA33F2C0C5E5800B1BA93 /* View+extension.swift */,
			);
			path = Extensions;
			sourceTree = "<group>";
		};
		D7D244D82C3C3C590058FB8E /* General */ = {
			isa = PBXGroup;
			children = (
				D7723A602C032A190031CD0C /* Terminal.swift */,
				D7D244D62C3C3C590058FB8E /* Cache.swift */,
				D7D244D72C3C3C590058FB8E /* UserFileBookmark.swift */,
				D7723A662C0336C70031CD0C /* AppError.swift */,
				D7723A522C0326130031CD0C /* Assets.xcassets */,
				D7723A572C0326130031CD0C /* Info.plist */,
				D7723A582C0326130031CD0C /* ChordProMac.entitlements */,
			);
			path = General;
			sourceTree = "<group>";
		};
		D7D244DD2C3C3C620058FB8E /* Protocols */ = {
			isa = PBXGroup;
			children = (
				D7D244DB2C3C3C620058FB8E /* ChordProDirective.swift */,
				D7D244DC2C3C3C620058FB8E /* UserFile.swift */,
			);
			path = Protocols;
			sourceTree = "<group>";
		};
		D7DE16482CB791000020C2BF /* Modifiers */ = {
			isa = PBXGroup;
			children = (
				D7A4E2A92CAB8533000748C2 /* CloseWindowButton.swift */,
			);
			path = Modifiers;
			sourceTree = "<group>";
		};
		D7FBDB8B2C2C956500D242ED /* Frameworks */ = {
			isa = PBXGroup;
			children = (
			);
			name = Frameworks;
			sourceTree = "<group>";
		};
/* End PBXGroup section */

/* Begin PBXNativeTarget section */
		D7723A482C0326120031CD0C /* ChordProMac */ = {
			isa = PBXNativeTarget;
			buildConfigurationList = D7723A5B2C0326130031CD0C /* Build configuration list for PBXNativeTarget "ChordProMac" */;
			buildPhases = (
				D7723A452C0326120031CD0C /* Sources */,
				D7723A462C0326120031CD0C /* Frameworks */,
				D7723A472C0326120031CD0C /* Resources */,
				D72EA3362C0B6E1000B1BA93 /* Run SwiftLint */,
			);
			buildRules = (
			);
			dependencies = (
			);
			name = ChordProMac;
			packageProductDependencies = (
			);
			productName = ChordProMac;
			productReference = D7723A492C0326120031CD0C /* ChordPro.app */;
			productType = "com.apple.product-type.application";
		};
/* End PBXNativeTarget section */

/* Begin PBXProject section */
		D7723A412C0326120031CD0C /* Project object */ = {
			isa = PBXProject;
			attributes = {
				BuildIndependentTargetsInParallel = 1;
				LastSwiftUpdateCheck = 1540;
				LastUpgradeCheck = 1540;
				TargetAttributes = {
					D7723A482C0326120031CD0C = {
						CreatedOnToolsVersion = 15.4;
					};
				};
			};
			buildConfigurationList = D7723A442C0326120031CD0C /* Build configuration list for PBXProject "ChordProMac" */;
			compatibilityVersion = "Xcode 14.0";
			developmentRegion = en;
			hasScannedForEncodings = 0;
			knownRegions = (
				en,
				Base,
			);
			mainGroup = D7723A402C0326120031CD0C;
			packageReferences = (
			);
			productRefGroup = D7723A4A2C0326120031CD0C /* Products */;
			projectDirPath = "";
			projectRoot = "";
			targets = (
				D7723A482C0326120031CD0C /* ChordProMac */,
			);
		};
/* End PBXProject section */

/* Begin PBXResourcesBuildPhase section */
		D7723A472C0326120031CD0C /* Resources */ = {
			isa = PBXResourcesBuildPhase;
			buildActionMask = 2147483647;
			files = (
				D7146DBE2C04B68F007E77B8 /* libperl.dylib in Resources */,
				D75F41322C0F31DB00F0413B /* SystemTasks in Resources */,
				D7146DB92C04B3C3007E77B8 /* script in Resources */,
				D7146DBB2C04B3C3007E77B8 /* chordpro in Resources */,
				D79B2B5C2CE26BE900F3FC0C /* cli in Resources */,
				D7146DBA2C04B3C3007E77B8 /* lib in Resources */,
				D7723A532C0326130031CD0C /* Assets.xcassets in Resources */,
			);
			runOnlyForDeploymentPostprocessing = 0;
		};
/* End PBXResourcesBuildPhase section */

/* Begin PBXShellScriptBuildPhase section */
		D72EA3362C0B6E1000B1BA93 /* Run SwiftLint */ = {
			isa = PBXShellScriptBuildPhase;
			alwaysOutOfDate = 1;
			buildActionMask = 2147483647;
			files = (
			);
			inputFileListPaths = (
			);
			inputPaths = (
			);
			name = "Run SwiftLint";
			outputFileListPaths = (
			);
			outputPaths = (
			);
			runOnlyForDeploymentPostprocessing = 0;
			shellPath = /bin/sh;
			shellScript = "#if which /opt/homebrew/bin/swiftlint >/dev/null; then\n#  /opt/homebrew/bin/swiftlint\n#else\n#  echo \"warning: SwiftLint not installed, download from https://github.com/realm/SwiftLint\"\n#fi\n";
			showEnvVarsInLog = 0;
		};
/* End PBXShellScriptBuildPhase section */

/* Begin PBXSourcesBuildPhase section */
		D7723A452C0326120031CD0C /* Sources */ = {
			isa = PBXSourcesBuildPhase;
			buildActionMask = 2147483647;
			files = (
				D7D244CE2C3C3C320058FB8E /* ChordProEditorDelegate.swift in Sources */,
				D75E5FFF2C04FEF00083F96F /* Template.swift in Sources */,
				D767276F2C996638001D1947 /* DebugButtons.swift in Sources */,
				D7723A4D2C0326120031CD0C /* ChordProMacApp.swift in Sources */,
				D774F2852C05F2B900CC4E3E /* StatusView.swift in Sources */,
				D796F0EC2C1A6AB600B3DE40 /* AboutView.swift in Sources */,
				D75F41102C0F240800F0413B /* CustomTask.swift in Sources */,
				D74BC6FF2C9DCB4C007FF3D9 /* NSWindow+extension.swift in Sources */,
				D728FF2B2C1B70B40028D7A9 /* ChordProInfo.swift in Sources */,
				D7D244C92C3C3C320058FB8E /* ChordProEditor+LineNumbersView.swift in Sources */,
				D7D244CA2C3C3C320058FB8E /* ChordProEditor+Settings.swift in Sources */,
				D7723A612C032A190031CD0C /* Terminal.swift in Sources */,
				D74002CF2C04728600291BE7 /* AppStateModel.swift in Sources */,
				D7723A6F2C0354250031CD0C /* PanesButtons.swift in Sources */,
				D7D244CD2C3C3C320058FB8E /* ChordProEditor+Wrapper.swift in Sources */,
				D77E2BB52CCFE73B0071F57E /* UpdatePreviewButton.swift in Sources */,
				D7723A692C03442F0031CD0C /* ExportSongButton.swift in Sources */,
				D728FF292C1B26F60028D7A9 /* AppDelegateModel.swift in Sources */,
				D74002CD2C04725D00291BE7 /* AppSettings.swift in Sources */,
				D7D244C82C3C3C320058FB8E /* ChordProEditor+LayoutManager.swift in Sources */,
				D7D244E12C3C3C6C0058FB8E /* PreviewState.swift in Sources */,
				D7D244D52C3C3C460058FB8E /* UTType+extension.swift in Sources */,
				D7F627492C33153100117FBF /* ShareButton.swift in Sources */,
				D7D244C52C3C3C320058FB8E /* ChordProEditor+Coordinator.swift in Sources */,
				D7D244B52C3C3C240058FB8E /* AppKitUtils+printDialog.swift in Sources */,
				D74BC6FD2C9DBE8C007FF3D9 /* WelcomeView.swift in Sources */,
				D7AC53422C20C1A0002B075F /* FontSizeButtons.swift in Sources */,
				D74002CB2C04711000291BE7 /* SettingsView.swift in Sources */,
				D7F659B92C304D2A00B65437 /* ExportDocument.swift in Sources */,
				D7723A4F2C0326120031CD0C /* ChordProDocument.swift in Sources */,
				D7D244DF2C3C3C620058FB8E /* UserFile.swift in Sources */,
				D774F2812C05E07E00CC4E3E /* Note.swift in Sources */,
				D7F659B72C2F25D500B65437 /* PrintPDFButton.swift in Sources */,
				D7D244D92C3C3C5A0058FB8E /* Cache.swift in Sources */,
				D7D244D32C3C3C460058FB8E /* Color+extension.swift in Sources */,
				D76C40E72C9D9AF000A98C3F /* SongbookStateModel.swift in Sources */,
				D7D244B72C3C3C240058FB8E /* AppKitUtils+SharingServiceRepresentedView.swift in Sources */,
				D75005692C383C77005D23E2 /* PreviewPaneView.swift in Sources */,
				D7D244CC2C3C3C320058FB8E /* ChordProEditor+TextView.swift in Sources */,
				D72EA3402C0C5E5800B1BA93 /* View+extension.swift in Sources */,
				D7A4E2AA2CAB8533000748C2 /* CloseWindowButton.swift in Sources */,
				D7D244DE2C3C3C620058FB8E /* ChordProDirective.swift in Sources */,
				D702E0DF2C0CEF42006D9667 /* LogItem.swift in Sources */,
				D7D244CB2C3C3C320058FB8E /* ChordProEditor+Static.swift in Sources */,
				D7723A672C0336C70031CD0C /* AppError.swift in Sources */,
				D7D244C72C3C3C320058FB8E /* ChordProEditor+Internals.swift in Sources */,
				D7D244E52C3C3C780058FB8E /* UserFileButton.swift in Sources */,
				D7FBDB8F2C2C96AE00D242ED /* Directive.swift in Sources */,
				D7D244C42C3C3C320058FB8E /* ChordProEditor.swift in Sources */,
				D75F410E2C0EFDA200F0413B /* TaskMenuButtons.swift in Sources */,
				D702E0DB2C0CE99C006D9667 /* LogButtons.swift in Sources */,
				D702E0DD2C0CEA27006D9667 /* PlainTextDocument.swift in Sources */,
				D7D244D42C3C3C460058FB8E /* Logger+extension.swift in Sources */,
				D702E0D72C0CC6F5006D9667 /* SceneStateModel.swift in Sources */,
				D7D244DA2C3C3C5A0058FB8E /* UserFileBookmark.swift in Sources */,
				D72EA32F2C0B2E9400B1BA93 /* UserFileItem.swift in Sources */,
				D7D244B22C3C3C240058FB8E /* AppKitUtils.swift in Sources */,
				D795739D2C95CCC600EE315D /* FileListItem.swift in Sources */,
				D75005672C38379C005D23E2 /* EditorPaneView.swift in Sources */,
				D72EA33C2C0BB24600B1BA93 /* LogView.swift in Sources */,
				D72EA3382C0B8E2C00B1BA93 /* HelpButtons.swift in Sources */,
				D776B5CE2C8A1EC100E10FE8 /* ExportSongbookView.swift in Sources */,
				D7D244C62C3C3C320058FB8E /* ChordProEditor+highlight.swift in Sources */,
				D7D244B32C3C3C240058FB8E /* AppKitUtils+openPanel.swift in Sources */,
				D774F2832C05E18B00CC4E3E /* Accidentals.swift in Sources */,
				D72EA33E2C0C5C3F00B1BA93 /* LocalizedAlertError.swift in Sources */,
				D7D244B42C3C3C240058FB8E /* AppKitUtils+PDFKitRepresentedView.swift in Sources */,
				D7D244E42C3C3C780058FB8E /* ColorPickerButton.swift in Sources */,
				D774F2872C05F6CB00CC4E3E /* Notation.swift in Sources */,
				D7723A512C0326120031CD0C /* MainView.swift in Sources */,
				D73E45CA2CCD290E00AD5A33 /* ChordProEditor+LogItem.swift in Sources */,
			);
			runOnlyForDeploymentPostprocessing = 0;
		};
/* End PBXSourcesBuildPhase section */

/* Begin XCBuildConfiguration section */
		D7723A592C0326130031CD0C /* Debug */ = {
			isa = XCBuildConfiguration;
			buildSettings = {
				ALWAYS_SEARCH_USER_PATHS = NO;
				ARCHS = "$(ARCHS_STANDARD)";
				ASSETCATALOG_COMPILER_GENERATE_SWIFT_ASSET_SYMBOL_EXTENSIONS = YES;
				CLANG_ANALYZER_NONNULL = YES;
				CLANG_ANALYZER_NUMBER_OBJECT_CONVERSION = YES_AGGRESSIVE;
				CLANG_CXX_LANGUAGE_STANDARD = "gnu++20";
				CLANG_ENABLE_MODULES = YES;
				CLANG_ENABLE_OBJC_ARC = YES;
				CLANG_ENABLE_OBJC_WEAK = YES;
				CLANG_WARN_BLOCK_CAPTURE_AUTORELEASING = YES;
				CLANG_WARN_BOOL_CONVERSION = YES;
				CLANG_WARN_COMMA = YES;
				CLANG_WARN_CONSTANT_CONVERSION = YES;
				CLANG_WARN_DEPRECATED_OBJC_IMPLEMENTATIONS = YES;
				CLANG_WARN_DIRECT_OBJC_ISA_USAGE = YES_ERROR;
				CLANG_WARN_DOCUMENTATION_COMMENTS = YES;
				CLANG_WARN_EMPTY_BODY = YES;
				CLANG_WARN_ENUM_CONVERSION = YES;
				CLANG_WARN_INFINITE_RECURSION = YES;
				CLANG_WARN_INT_CONVERSION = YES;
				CLANG_WARN_NON_LITERAL_NULL_CONVERSION = YES;
				CLANG_WARN_OBJC_IMPLICIT_RETAIN_SELF = YES;
				CLANG_WARN_OBJC_LITERAL_CONVERSION = YES;
				CLANG_WARN_OBJC_ROOT_CLASS = YES_ERROR;
				CLANG_WARN_QUOTED_INCLUDE_IN_FRAMEWORK_HEADER = YES;
				CLANG_WARN_RANGE_LOOP_ANALYSIS = YES;
				CLANG_WARN_STRICT_PROTOTYPES = YES;
				CLANG_WARN_SUSPICIOUS_MOVE = YES;
				CLANG_WARN_UNGUARDED_AVAILABILITY = YES_AGGRESSIVE;
				CLANG_WARN_UNREACHABLE_CODE = YES;
				CLANG_WARN__DUPLICATE_METHOD_MATCH = YES;
				COPY_PHASE_STRIP = NO;
				DEBUG_INFORMATION_FORMAT = dwarf;
				ENABLE_STRICT_OBJC_MSGSEND = YES;
				ENABLE_TESTABILITY = YES;
				ENABLE_USER_SCRIPT_SANDBOXING = NO;
				GCC_C_LANGUAGE_STANDARD = gnu17;
				GCC_DYNAMIC_NO_PIC = NO;
				GCC_NO_COMMON_BLOCKS = YES;
				GCC_OPTIMIZATION_LEVEL = 0;
				GCC_PREPROCESSOR_DEFINITIONS = (
					"DEBUG=1",
					"$(inherited)",
				);
				GCC_WARN_64_TO_32_BIT_CONVERSION = YES;
				GCC_WARN_ABOUT_RETURN_TYPE = YES_ERROR;
				GCC_WARN_UNDECLARED_SELECTOR = YES;
				GCC_WARN_UNINITIALIZED_AUTOS = YES_AGGRESSIVE;
				GCC_WARN_UNUSED_FUNCTION = YES;
				GCC_WARN_UNUSED_VARIABLE = YES;
				LOCALIZATION_PREFERS_STRING_CATALOGS = YES;
				MACOSX_DEPLOYMENT_TARGET = 12.4;
				MTL_ENABLE_DEBUG_INFO = INCLUDE_SOURCE;
				MTL_FAST_MATH = YES;
				ONLY_ACTIVE_ARCH = YES;
				SDKROOT = macosx;
				SWIFT_ACTIVE_COMPILATION_CONDITIONS = "DEBUG $(inherited)";
				SWIFT_OPTIMIZATION_LEVEL = "-Onone";
			};
			name = Debug;
		};
		D7723A5A2C0326130031CD0C /* Release */ = {
			isa = XCBuildConfiguration;
			buildSettings = {
				ALWAYS_SEARCH_USER_PATHS = NO;
				ARCHS = "$(ARCHS_STANDARD)";
				ASSETCATALOG_COMPILER_GENERATE_SWIFT_ASSET_SYMBOL_EXTENSIONS = YES;
				CLANG_ANALYZER_NONNULL = YES;
				CLANG_ANALYZER_NUMBER_OBJECT_CONVERSION = YES_AGGRESSIVE;
				CLANG_CXX_LANGUAGE_STANDARD = "gnu++20";
				CLANG_ENABLE_MODULES = YES;
				CLANG_ENABLE_OBJC_ARC = YES;
				CLANG_ENABLE_OBJC_WEAK = YES;
				CLANG_WARN_BLOCK_CAPTURE_AUTORELEASING = YES;
				CLANG_WARN_BOOL_CONVERSION = YES;
				CLANG_WARN_COMMA = YES;
				CLANG_WARN_CONSTANT_CONVERSION = YES;
				CLANG_WARN_DEPRECATED_OBJC_IMPLEMENTATIONS = YES;
				CLANG_WARN_DIRECT_OBJC_ISA_USAGE = YES_ERROR;
				CLANG_WARN_DOCUMENTATION_COMMENTS = YES;
				CLANG_WARN_EMPTY_BODY = YES;
				CLANG_WARN_ENUM_CONVERSION = YES;
				CLANG_WARN_INFINITE_RECURSION = YES;
				CLANG_WARN_INT_CONVERSION = YES;
				CLANG_WARN_NON_LITERAL_NULL_CONVERSION = YES;
				CLANG_WARN_OBJC_IMPLICIT_RETAIN_SELF = YES;
				CLANG_WARN_OBJC_LITERAL_CONVERSION = YES;
				CLANG_WARN_OBJC_ROOT_CLASS = YES_ERROR;
				CLANG_WARN_QUOTED_INCLUDE_IN_FRAMEWORK_HEADER = YES;
				CLANG_WARN_RANGE_LOOP_ANALYSIS = YES;
				CLANG_WARN_STRICT_PROTOTYPES = YES;
				CLANG_WARN_SUSPICIOUS_MOVE = YES;
				CLANG_WARN_UNGUARDED_AVAILABILITY = YES_AGGRESSIVE;
				CLANG_WARN_UNREACHABLE_CODE = YES;
				CLANG_WARN__DUPLICATE_METHOD_MATCH = YES;
				COPY_PHASE_STRIP = NO;
				DEBUG_INFORMATION_FORMAT = "dwarf-with-dsym";
				ENABLE_NS_ASSERTIONS = NO;
				ENABLE_STRICT_OBJC_MSGSEND = YES;
				ENABLE_USER_SCRIPT_SANDBOXING = NO;
				GCC_C_LANGUAGE_STANDARD = gnu17;
				GCC_NO_COMMON_BLOCKS = YES;
				GCC_WARN_64_TO_32_BIT_CONVERSION = YES;
				GCC_WARN_ABOUT_RETURN_TYPE = YES_ERROR;
				GCC_WARN_UNDECLARED_SELECTOR = YES;
				GCC_WARN_UNINITIALIZED_AUTOS = YES_AGGRESSIVE;
				GCC_WARN_UNUSED_FUNCTION = YES;
				GCC_WARN_UNUSED_VARIABLE = YES;
				LOCALIZATION_PREFERS_STRING_CATALOGS = YES;
				MACOSX_DEPLOYMENT_TARGET = 12.4;
				MTL_ENABLE_DEBUG_INFO = NO;
				MTL_FAST_MATH = YES;
				ONLY_ACTIVE_ARCH = YES;
				SDKROOT = macosx;
				SWIFT_COMPILATION_MODE = wholemodule;
			};
			name = Release;
		};
		D7723A5C2C0326130031CD0C /* Debug */ = {
			isa = XCBuildConfiguration;
			buildSettings = {
				ASSETCATALOG_COMPILER_APPICON_NAME = AppIcon;
				ASSETCATALOG_COMPILER_GENERATE_SWIFT_ASSET_SYMBOL_EXTENSIONS = NO;
				ASSETCATALOG_COMPILER_GLOBAL_ACCENT_COLOR_NAME = AccentColor;
				ASSETCATALOG_COMPILER_INCLUDE_ALL_APPICON_ASSETS = NO;
				CODE_SIGN_ENTITLEMENTS = ChordProMac/General/ChordProMac.entitlements;
				CODE_SIGN_IDENTITY = "Apple Development";
				"CODE_SIGN_IDENTITY[sdk=macosx*]" = "-";
				CODE_SIGN_STYLE = Automatic;
				COMBINE_HIDPI_IMAGES = YES;
				CURRENT_PROJECT_VERSION = SwiftUI;
				DEVELOPMENT_ASSET_PATHS = "\"ChordProMac/General\"";
				DEVELOPMENT_TEAM = "";
				ENABLE_HARDENED_RUNTIME = YES;
				ENABLE_PREVIEWS = YES;
				GENERATE_INFOPLIST_FILE = YES;
				INFOPLIST_FILE = ChordProMac/General/Info.plist;
				INFOPLIST_KEY_NSHumanReadableCopyright = "Copyright 2016,2024 Johan Vromans <jvromans@squirrel.nl>";
				LD_RUNPATH_SEARCH_PATHS = (
					"$(inherited)",
					"@executable_path/../Frameworks",
				);
				LIBRARY_SEARCH_PATHS = (
					"$(inherited)",
					"$(PROJECT_DIR)/ChordProMac/Core",
				);
				LOCALIZATION_PREFERS_STRING_CATALOGS = NO;
				MARKETING_VERSION = SwiftUI;
				MTL_ENABLE_DEBUG_INFO = NO;
				MTL_FAST_MATH = NO;
				PRODUCT_BUNDLE_IDENTIFIER = org.chordpro.chordpromac;
				PRODUCT_NAME = ChordPro;
				PROVISIONING_PROFILE_SPECIFIER = "";
				SWIFT_EMIT_LOC_STRINGS = YES;
				SWIFT_STRICT_CONCURRENCY = minimal;
				SWIFT_VERSION = 5.0;
			};
			name = Debug;
		};
		D7723A5D2C0326130031CD0C /* Release */ = {
			isa = XCBuildConfiguration;
			buildSettings = {
				ASSETCATALOG_COMPILER_APPICON_NAME = AppIcon;
				ASSETCATALOG_COMPILER_GENERATE_SWIFT_ASSET_SYMBOL_EXTENSIONS = NO;
				ASSETCATALOG_COMPILER_GLOBAL_ACCENT_COLOR_NAME = AccentColor;
				ASSETCATALOG_COMPILER_INCLUDE_ALL_APPICON_ASSETS = NO;
				CODE_SIGN_ENTITLEMENTS = ChordProMac/General/ChordProMac.entitlements;
				CODE_SIGN_IDENTITY = "Apple Development";
				"CODE_SIGN_IDENTITY[sdk=macosx*]" = "-";
				CODE_SIGN_STYLE = Automatic;
				COMBINE_HIDPI_IMAGES = YES;
				CURRENT_PROJECT_VERSION = SwiftUI;
				DEVELOPMENT_ASSET_PATHS = "\"ChordProMac/General\"";
				DEVELOPMENT_TEAM = "";
				ENABLE_HARDENED_RUNTIME = YES;
				ENABLE_PREVIEWS = YES;
				GENERATE_INFOPLIST_FILE = YES;
				INFOPLIST_FILE = ChordProMac/General/Info.plist;
				INFOPLIST_KEY_NSHumanReadableCopyright = "Copyright 2016,2024 Johan Vromans <jvromans@squirrel.nl>";
				LD_RUNPATH_SEARCH_PATHS = (
					"$(inherited)",
					"@executable_path/../Frameworks",
				);
				LIBRARY_SEARCH_PATHS = (
					"$(inherited)",
					"$(PROJECT_DIR)/ChordProMac/Core",
				);
				LOCALIZATION_PREFERS_STRING_CATALOGS = NO;
				MARKETING_VERSION = SwiftUI;
				MTL_FAST_MATH = NO;
				PRODUCT_BUNDLE_IDENTIFIER = org.chordpro.chordpromac;
				PRODUCT_NAME = ChordPro;
				PROVISIONING_PROFILE_SPECIFIER = "";
				SWIFT_EMIT_LOC_STRINGS = YES;
				SWIFT_STRICT_CONCURRENCY = minimal;
				SWIFT_VERSION = 5.0;
			};
			name = Release;
		};
/* End XCBuildConfiguration section */

/* Begin XCConfigurationList section */
		D7723A442C0326120031CD0C /* Build configuration list for PBXProject "ChordProMac" */ = {
			isa = XCConfigurationList;
			buildConfigurations = (
				D7723A592C0326130031CD0C /* Debug */,
				D7723A5A2C0326130031CD0C /* Release */,
			);
			defaultConfigurationIsVisible = 0;
			defaultConfigurationName = Release;
		};
		D7723A5B2C0326130031CD0C /* Build configuration list for PBXNativeTarget "ChordProMac" */ = {
			isa = XCConfigurationList;
			buildConfigurations = (
				D7723A5C2C0326130031CD0C /* Debug */,
				D7723A5D2C0326130031CD0C /* Release */,
			);
			defaultConfigurationIsVisible = 0;
			defaultConfigurationName = Release;
		};
/* End XCConfigurationList section */
	};
	rootObject = D7723A412C0326120031CD0C /* Project object */;
}
