github.com/julmot/mark.js v0.0.0-20210820195258-8b57fccf976b/go.mod h1:aAyDyl2EhNPiZbFqqURsAmxYwwTHslrIxZErXMO3pJQ=
github.com/kaushalmodi/hugo-search-fuse-js v0.4.4 h1:zEnFYi9DYMoHLsMOf5QqXcQJnfEYGaNanqjnTjlJjto=
github.com/kaushalmodi/hugo-search-fuse-js v0.4.4/go.mod h1:Wr6gbPat+KW6wReh/hDBykKIWn296FsEkuhojJvHHxw=
github.com/krisk/Fuse v3.2.1+incompatible/go.mod h1:3moWv8rDjwoKic9nwiPLgZjldkbdTAbtzJHCu/Vsj4A=
